// !$*UTF8*$!
{
	archiveVersion = 1;
	classes = {
	};
	objectVersion = 55;
	objects = {

/* Begin PBXBuildFile section */
		D386595D2DAB7FAE007F32BA /* AppDelegate.swift in Sources */ = {isa = PBXBuildFile; fileRef = D386595C2DAB7FAE007F32BA /* AppDelegate.swift */; };
		D38659612DAB7FAE007F32BA /* ViewController.swift in Sources */ = {isa = PBXBuildFile; fileRef = D38659602DAB7FAE007F32BA /* ViewController.swift */; };
		D38659672DAB7FAE007F32BA /* uikit_sample.xcdatamodeld in Sources */ = {isa = PBXBuildFile; fileRef = D38659652DAB7FAE007F32BA /* uikit_sample.xcdatamodeld */; };
		D38659692DAB7FAF007F32BA /* Assets.xcassets in Resources */ = {isa = PBXBuildFile; fileRef = D38659682DAB7FAF007F32BA /* Assets.xcassets */; };
		D386596C2DAB7FAF007F32BA /* LaunchScreen.storyboard in Resources */ = {isa = PBXBuildFile; fileRef = D386596A2DAB7FAF007F32BA /* LaunchScreen.storyboard */; };
		D38659772DAB7FB0007F32BA /* uikit_sampleTests.swift in Sources */ = {isa = PBXBuildFile; fileRef = D38659762DAB7FB0007F32BA /* uikit_sampleTests.swift */; };
		D38659812DAB7FB0007F32BA /* uikit_sampleUITests.swift in Sources */ = {isa = PBXBuildFile; fileRef = D38659802DAB7FB0007F32BA /* uikit_sampleUITests.swift */; };
		D38659832DAB7FB0007F32BA /* uikit_sampleUITestsLaunchTests.swift in Sources */ = {isa = PBXBuildFile; fileRef = D38659822DAB7FB0007F32BA /* uikit_sampleUITestsLaunchTests.swift */; };
/* End PBXBuildFile section */

/* Begin PBXContainerItemProxy section */
		D38659732DAB7FB0007F32BA /* PBXContainerItemProxy */ = {
			isa = PBXContainerItemProxy;
			containerPortal = D38659512DAB7FAE007F32BA /* Project object */;
			proxyType = 1;
			remoteGlobalIDString = D38659582DAB7FAE007F32BA;
			remoteInfo = uikit_sample;
		};
		D386597D2DAB7FB0007F32BA /* PBXContainerItemProxy */ = {
			isa = PBXContainerItemProxy;
			containerPortal = D38659512DAB7FAE007F32BA /* Project object */;
			proxyType = 1;
			remoteGlobalIDString = D38659582DAB7FAE007F32BA;
			remoteInfo = uikit_sample;
		};
/* End PBXContainerItemProxy section */

/* Begin PBXFileReference section */
		D38659592DAB7FAE007F32BA /* uikit_sample.app */ = {isa = PBXFileReference; explicitFileType = wrapper.application; includeInIndex = 0; path = uikit_sample.app; sourceTree = BUILT_PRODUCTS_DIR; };
		D386595C2DAB7FAE007F32BA /* AppDelegate.swift */ = {isa = PBXFileReference; lastKnownFileType = sourcecode.swift; path = AppDelegate.swift; sourceTree = "<group>"; };
		D38659602DAB7FAE007F32BA /* ViewController.swift */ = {isa = PBXFileReference; lastKnownFileType = sourcecode.swift; path = ViewController.swift; sourceTree = "<group>"; };
		D38659662DAB7FAE007F32BA /* uikit_sample.xcdatamodel */ = {isa = PBXFileReference; lastKnownFileType = wrapper.xcdatamodel; path = uikit_sample.xcdatamodel; sourceTree = "<group>"; };
		D38659682DAB7FAF007F32BA /* Assets.xcassets */ = {isa = PBXFileReference; lastKnownFileType = folder.assetcatalog; path = Assets.xcassets; sourceTree = "<group>"; };
		D386596B2DAB7FAF007F32BA /* Base */ = {isa = PBXFileReference; lastKnownFileType = file.storyboard; name = Base; path = Base.lproj/LaunchScreen.storyboard; sourceTree = "<group>"; };
		D386596D2DAB7FAF007F32BA /* Info.plist */ = {isa = PBXFileReference; lastKnownFileType = text.plist.xml; path = Info.plist; sourceTree = "<group>"; };
		D38659722DAB7FB0007F32BA /* uikit_sampleTests.xctest */ = {isa = PBXFileReference; explicitFileType = wrapper.cfbundle; includeInIndex = 0; path = uikit_sampleTests.xctest; sourceTree = BUILT_PRODUCTS_DIR; };
		D38659762DAB7FB0007F32BA /* uikit_sampleTests.swift */ = {isa = PBXFileReference; lastKnownFileType = sourcecode.swift; path = uikit_sampleTests.swift; sourceTree = "<group>"; };
		D386597C2DAB7FB0007F32BA /* uikit_sampleUITests.xctest */ = {isa = PBXFileReference; explicitFileType = wrapper.cfbundle; includeInIndex = 0; path = uikit_sampleUITests.xctest; sourceTree = BUILT_PRODUCTS_DIR; };
		D38659802DAB7FB0007F32BA /* uikit_sampleUITests.swift */ = {isa = PBXFileReference; lastKnownFileType = sourcecode.swift; path = uikit_sampleUITests.swift; sourceTree = "<group>"; };
		D38659822DAB7FB0007F32BA /* uikit_sampleUITestsLaunchTests.swift */ = {isa = PBXFileReference; lastKnownFileType = sourcecode.swift; path = uikit_sampleUITestsLaunchTests.swift; sourceTree = "<group>"; };
/* End PBXFileReference section */

/* Begin PBXFrameworksBuildPhase section */
		D38659562DAB7FAE007F32BA /* Frameworks */ = {
			isa = PBXFrameworksBuildPhase;
			buildActionMask = 2147483647;
			files = (
			);
			runOnlyForDeploymentPostprocessing = 0;
		};
		D386596F2DAB7FB0007F32BA /* Frameworks */ = {
			isa = PBXFrameworksBuildPhase;
			buildActionMask = 2147483647;
			files = (
			);
			runOnlyForDeploymentPostprocessing = 0;
		};
		D38659792DAB7FB0007F32BA /* Frameworks */ = {
			isa = PBXFrameworksBuildPhase;
			buildActionMask = 2147483647;
			files = (
			);
			runOnlyForDeploymentPostprocessing = 0;
		};
/* End PBXFrameworksBuildPhase section */

/* Begin PBXGroup section */
		D38659502DAB7FAE007F32BA = {
			isa = PBXGroup;
			children = (
				D386595B2DAB7FAE007F32BA /* uikit_sample */,
				D38659752DAB7FB0007F32BA /* uikit_sampleTests */,
				D386597F2DAB7FB0007F32BA /* uikit_sampleUITests */,
				D386595A2DAB7FAE007F32BA /* Products */,
			);
			sourceTree = "<group>";
		};
		D386595A2DAB7FAE007F32BA /* Products */ = {
			isa = PBXGroup;
			children = (
				D38659592DAB7FAE007F32BA /* uikit_sample.app */,
				D38659722DAB7FB0007F32BA /* uikit_sampleTests.xctest */,
				D386597C2DAB7FB0007F32BA /* uikit_sampleUITests.xctest */,
			);
			name = Products;
			sourceTree = "<group>";
		};
		D386595B2DAB7FAE007F32BA /* uikit_sample */ = {
			isa = PBXGroup;
			children = (
				D386595C2DAB7FAE007F32BA /* AppDelegate.swift */,
				D38659602DAB7FAE007F32BA /* ViewController.swift */,
				D38659682DAB7FAF007F32BA /* Assets.xcassets */,
				D386596A2DAB7FAF007F32BA /* LaunchScreen.storyboard */,
				D386596D2DAB7FAF007F32BA /* Info.plist */,
				D38659652DAB7FAE007F32BA /* uikit_sample.xcdatamodeld */,
			);
			path = uikit_sample;
			sourceTree = "<group>";
		};
		D38659752DAB7FB0007F32BA /* uikit_sampleTests */ = {
			isa = PBXGroup;
			children = (
				D38659762DAB7FB0007F32BA /* uikit_sampleTests.swift */,
			);
			path = uikit_sampleTests;
			sourceTree = "<group>";
		};
		D386597F2DAB7FB0007F32BA /* uikit_sampleUITests */ = {
			isa = PBXGroup;
			children = (
				D38659802DAB7FB0007F32BA /* uikit_sampleUITests.swift */,
				D38659822DAB7FB0007F32BA /* uikit_sampleUITestsLaunchTests.swift */,
			);
			path = uikit_sampleUITests;
			sourceTree = "<group>";
		};
/* End PBXGroup section */

/* Begin PBXNativeTarget section */
		D38659582DAB7FAE007F32BA /* uikit_sample */ = {
			isa = PBXNativeTarget;
			buildConfigurationList = D38659862DAB7FB0007F32BA /* Build configuration list for PBXNativeTarget "uikit_sample" */;
			buildPhases = (
				D38659552DAB7FAE007F32BA /* Sources */,
				D38659562DAB7FAE007F32BA /* Frameworks */,
				D38659572DAB7FAE007F32BA /* Resources */,
			);
			buildRules = (
			);
			dependencies = (
			);
			name = uikit_sample;
			productName = uikit_sample;
			productReference = D38659592DAB7FAE007F32BA /* uikit_sample.app */;
			productType = "com.apple.product-type.application";
		};
		D38659712DAB7FB0007F32BA /* uikit_sampleTests */ = {
			isa = PBXNativeTarget;
			buildConfigurationList = D38659892DAB7FB0007F32BA /* Build configuration list for PBXNativeTarget "uikit_sampleTests" */;
			buildPhases = (
				D386596E2DAB7FB0007F32BA /* Sources */,
				D386596F2DAB7FB0007F32BA /* Frameworks */,
				D38659702DAB7FB0007F32BA /* Resources */,
			);
			buildRules = (
			);
			dependencies = (
				D38659742DAB7FB0007F32BA /* PBXTargetDependency */,
			);
			name = uikit_sampleTests;
			productName = uikit_sampleTests;
			productReference = D38659722DAB7FB0007F32BA /* uikit_sampleTests.xctest */;
			productType = "com.apple.product-type.bundle.unit-test";
		};
		D386597B2DAB7FB0007F32BA /* uikit_sampleUITests */ = {
			isa = PBXNativeTarget;
			buildConfigurationList = D386598C2DAB7FB0007F32BA /* Build configuration list for PBXNativeTarget "uikit_sampleUITests" */;
			buildPhases = (
				D38659782DAB7FB0007F32BA /* Sources */,
				D38659792DAB7FB0007F32BA /* Frameworks */,
				D386597A2DAB7FB0007F32BA /* Resources */,
			);
			buildRules = (
			);
			dependencies = (
				D386597E2DAB7FB0007F32BA /* PBXTargetDependency */,
			);
			name = uikit_sampleUITests;
			productName = uikit_sampleUITests;
			productReference = D386597C2DAB7FB0007F32BA /* uikit_sampleUITests.xctest */;
			productType = "com.apple.product-type.bundle.ui-testing";
		};
/* End PBXNativeTarget section */

/* Begin PBXProject section */
		D38659512DAB7FAE007F32BA /* Project object */ = {
			isa = PBXProject;
			attributes = {
				BuildIndependentTargetsInParallel = 1;
				LastSwiftUpdateCheck = 1340;
				LastUpgradeCheck = 1340;
				TargetAttributes = {
					D38659582DAB7FAE007F32BA = {
						CreatedOnToolsVersion = 13.4.1;
					};
					D38659712DAB7FB0007F32BA = {
						CreatedOnToolsVersion = 13.4.1;
						TestTargetID = D38659582DAB7FAE007F32BA;
					};
					D386597B2DAB7FB0007F32BA = {
						CreatedOnToolsVersion = 13.4.1;
						TestTargetID = D38659582DAB7FAE007F32BA;
					};
				};
			};
			buildConfigurationList = D38659542DAB7FAE007F32BA /* Build configuration list for PBXProject "uikit_sample" */;
			compatibilityVersion = "Xcode 13.0";
			developmentRegion = en;
			hasScannedForEncodings = 0;
			knownRegions = (
				en,
				Base,
			);
			mainGroup = D38659502DAB7FAE007F32BA;
			productRefGroup = D386595A2DAB7FAE007F32BA /* Products */;
			projectDirPath = "";
			projectRoot = "";
			targets = (
				D38659582DAB7FAE007F32BA /* uikit_sample */,
				D38659712DAB7FB0007F32BA /* uikit_sampleTests */,
				D386597B2DAB7FB0007F32BA /* uikit_sampleUITests */,
			);
		};
/* End PBXProject section */

/* Begin PBXResourcesBuildPhase section */
		D38659572DAB7FAE007F32BA /* Resources */ = {
			isa = PBXResourcesBuildPhase;
			buildActionMask = 2147483647;
			files = (
				D386596C2DAB7FAF007F32BA /* LaunchScreen.storyboard in Resources */,
				D38659692DAB7FAF007F32BA /* Assets.xcassets in Resources */,
			);
			runOnlyForDeploymentPostprocessing = 0;
		};
		D38659702DAB7FB0007F32BA /* Resources */ = {
			isa = PBXResourcesBuildPhase;
			buildActionMask = 2147483647;
			files = (
			);
			runOnlyForDeploymentPostprocessing = 0;
		};
		D386597A2DAB7FB0007F32BA /* Resources */ = {
			isa = PBXResourcesBuildPhase;
			buildActionMask = 2147483647;
			files = (
			);
			runOnlyForDeploymentPostprocessing = 0;
		};
/* End PBXResourcesBuildPhase section */

/* Begin PBXSourcesBuildPhase section */
		D38659552DAB7FAE007F32BA /* Sources */ = {
			isa = PBXSourcesBuildPhase;
			buildActionMask = 2147483647;
			files = (
				D38659672DAB7FAE007F32BA /* uikit_sample.xcdatamodeld in Sources */,
				D38659612DAB7FAE007F32BA /* ViewController.swift in Sources */,
				D386595D2DAB7FAE007F32BA /* AppDelegate.swift in Sources */,
			);
			runOnlyForDeploymentPostprocessing = 0;
		};
		D386596E2DAB7FB0007F32BA /* Sources */ = {
			isa = PBXSourcesBuildPhase;
			buildActionMask = 2147483647;
			files = (
				D38659772DAB7FB0007F32BA /* uikit_sampleTests.swift in Sources */,
			);
			runOnlyForDeploymentPostprocessing = 0;
		};
		D38659782DAB7FB0007F32BA /* Sources */ = {
			isa = PBXSourcesBuildPhase;
			buildActionMask = 2147483647;
			files = (
				D38659812DAB7FB0007F32BA /* uikit_sampleUITests.swift in Sources */,
				D38659832DAB7FB0007F32BA /* uikit_sampleUITestsLaunchTests.swift in Sources */,
			);
			runOnlyForDeploymentPostprocessing = 0;
		};
/* End PBXSourcesBuildPhase section */

/* Begin PBXTargetDependency section */
		D38659742DAB7FB0007F32BA /* PBXTargetDependency */ = {
			isa = PBXTargetDependency;
			target = D38659582DAB7FAE007F32BA /* uikit_sample */;
			targetProxy = D38659732DAB7FB0007F32BA /* PBXContainerItemProxy */;
		};
		D386597E2DAB7FB0007F32BA /* PBXTargetDependency */ = {
			isa = PBXTargetDependency;
			target = D38659582DAB7FAE007F32BA /* uikit_sample */;
			targetProxy = D386597D2DAB7FB0007F32BA /* PBXContainerItemProxy */;
		};
/* End PBXTargetDependency section */

/* Begin PBXVariantGroup section */
		D386596A2DAB7FAF007F32BA /* LaunchScreen.storyboard */ = {
			isa = PBXVariantGroup;
			children = (
				D386596B2DAB7FAF007F32BA /* Base */,
			);
			name = LaunchScreen.storyboard;
			sourceTree = "<group>";
		};
/* End PBXVariantGroup section */

/* Begin XCBuildConfiguration section */
		D38659842DAB7FB0007F32BA /* Debug */ = {
			isa = XCBuildConfiguration;
			buildSettings = {
				ALWAYS_SEARCH_USER_PATHS = NO;
				CLANG_ANALYZER_NONNULL = YES;
				CLANG_ANALYZER_NUMBER_OBJECT_CONVERSION = YES_AGGRESSIVE;
				CLANG_CXX_LANGUAGE_STANDARD = "gnu++17";
				CLANG_ENABLE_MODULES = YES;
				CLANG_ENABLE_OBJC_ARC = YES;
				CLANG_ENABLE_OBJC_WEAK = YES;
				CLANG_WARN_BLOCK_CAPTURE_AUTORELEASING = YES;
				CLANG_WARN_BOOL_CONVERSION = YES;
				CLANG_WARN_COMMA = YES;
				CLANG_WARN_CONSTANT_CONVERSION = YES;
				CLANG_WARN_DEPRECATED_OBJC_IMPLEMENTATIONS = YES;
				CLANG_WARN_DIRECT_OBJC_ISA_USAGE = YES_ERROR;
				CLANG_WARN_DOCUMENTATION_COMMENTS = YES;
				CLANG_WARN_EMPTY_BODY = YES;
				CLANG_WARN_ENUM_CONVERSION = YES;
				CLANG_WARN_INFINITE_RECURSION = YES;
				CLANG_WARN_INT_CONVERSION = YES;
				CLANG_WARN_NON_LITERAL_NULL_CONVERSION = YES;
				CLANG_WARN_OBJC_IMPLICIT_RETAIN_SELF = YES;
				CLANG_WARN_OBJC_LITERAL_CONVERSION = YES;
				CLANG_WARN_OBJC_ROOT_CLASS = YES_ERROR;
				CLANG_WARN_QUOTED_INCLUDE_IN_FRAMEWORK_HEADER = YES;
				CLANG_WARN_RANGE_LOOP_ANALYSIS = YES;
				CLANG_WARN_STRICT_PROTOTYPES = YES;
				CLANG_WARN_SUSPICIOUS_MOVE = YES;
				CLANG_WARN_UNGUARDED_AVAILABILITY = YES_AGGRESSIVE;
				CLANG_WARN_UNREACHABLE_CODE = YES;
				CLANG_WARN__DUPLICATE_METHOD_MATCH = YES;
				COPY_PHASE_STRIP = NO;
				DEBUG_INFORMATION_FORMAT = dwarf;
				ENABLE_STRICT_OBJC_MSGSEND = YES;
				ENABLE_TESTABILITY = YES;
				GCC_C_LANGUAGE_STANDARD = gnu11;
				GCC_DYNAMIC_NO_PIC = NO;
				GCC_NO_COMMON_BLOCKS = YES;
				GCC_OPTIMIZATION_LEVEL = 0;
				GCC_PREPROCESSOR_DEFINITIONS = (
					"DEBUG=1",
					"$(inherited)",
				);
				GCC_WARN_64_TO_32_BIT_CONVERSION = YES;
				GCC_WARN_ABOUT_RETURN_TYPE = YES_ERROR;
				GCC_WARN_UNDECLARED_SELECTOR = YES;
				GCC_WARN_UNINITIALIZED_AUTOS = YES_AGGRESSIVE;
				GCC_WARN_UNUSED_FUNCTION = YES;
				GCC_WARN_UNUSED_VARIABLE = YES;
				IPHONEOS_DEPLOYMENT_TARGET = 15.5;
				MTL_ENABLE_DEBUG_INFO = INCLUDE_SOURCE;
				MTL_FAST_MATH = YES;
				ONLY_ACTIVE_ARCH = YES;
				SDKROOT = iphoneos;
				SWIFT_ACTIVE_COMPILATION_CONDITIONS = DEBUG;
				SWIFT_OPTIMIZATION_LEVEL = "-Onone";
			};
			name = Debug;
		};
		D38659852DAB7FB0007F32BA /* Release */ = {
			isa = XCBuildConfiguration;
			buildSettings = {
				ALWAYS_SEARCH_USER_PATHS = NO;
				CLANG_ANALYZER_NONNULL = YES;
				CLANG_ANALYZER_NUMBER_OBJECT_CONVERSION = YES_AGGRESSIVE;
				CLANG_CXX_LANGUAGE_STANDARD = "gnu++17";
				CLANG_ENABLE_MODULES = YES;
				CLANG_ENABLE_OBJC_ARC = YES;
				CLANG_ENABLE_OBJC_WEAK = YES;
				CLANG_WARN_BLOCK_CAPTURE_AUTORELEASING = YES;
				CLANG_WARN_BOOL_CONVERSION = YES;
				CLANG_WARN_COMMA = YES;
				CLANG_WARN_CONSTANT_CONVERSION = YES;
				CLANG_WARN_DEPRECATED_OBJC_IMPLEMENTATIONS = YES;
				CLANG_WARN_DIRECT_OBJC_ISA_USAGE = YES_ERROR;
				CLANG_WARN_DOCUMENTATION_COMMENTS = YES;
				CLANG_WARN_EMPTY_BODY = YES;
				CLANG_WARN_ENUM_CONVERSION = YES;
				CLANG_WARN_INFINITE_RECURSION = YES;
				CLANG_WARN_INT_CONVERSION = YES;
				CLANG_WARN_NON_LITERAL_NULL_CONVERSION = YES;
				CLANG_WARN_OBJC_IMPLICIT_RETAIN_SELF = YES;
				CLANG_WARN_OBJC_LITERAL_CONVERSION = YES;
				CLANG_WARN_OBJC_ROOT_CLASS = YES_ERROR;
				CLANG_WARN_QUOTED_INCLUDE_IN_FRAMEWORK_HEADER = YES;
				CLANG_WARN_RANGE_LOOP_ANALYSIS = YES;
				CLANG_WARN_STRICT_PROTOTYPES = YES;
				CLANG_WARN_SUSPICIOUS_MOVE = YES;
				CLANG_WARN_UNGUARDED_AVAILABILITY = YES_AGGRESSIVE;
				CLANG_WARN_UNREACHABLE_CODE = YES;
				CLANG_WARN__DUPLICATE_METHOD_MATCH = YES;
				COPY_PHASE_STRIP = NO;
				DEBUG_INFORMATION_FORMAT = "dwarf-with-dsym";
				ENABLE_NS_ASSERTIONS = NO;
				ENABLE_STRICT_OBJC_MSGSEND = YES;
				GCC_C_LANGUAGE_STANDARD = gnu11;
				GCC_NO_COMMON_BLOCKS = YES;
				GCC_WARN_64_TO_32_BIT_CONVERSION = YES;
				GCC_WARN_ABOUT_RETURN_TYPE = YES_ERROR;
				GCC_WARN_UNDECLARED_SELECTOR = YES;
				GCC_WARN_UNINITIALIZED_AUTOS = YES_AGGRESSIVE;
				GCC_WARN_UNUSED_FUNCTION = YES;
				GCC_WARN_UNUSED_VARIABLE = YES;
				IPHONEOS_DEPLOYMENT_TARGET = 15.5;
				MTL_ENABLE_DEBUG_INFO = NO;
				MTL_FAST_MATH = YES;
				SDKROOT = iphoneos;
				SWIFT_COMPILATION_MODE = wholemodule;
				SWIFT_OPTIMIZATION_LEVEL = "-O";
				VALIDATE_PRODUCT = YES;
			};
			name = Release;
		};
		D38659872DAB7FB0007F32BA /* Debug */ = {
			isa = XCBuildConfiguration;
			buildSettings = {
				ASSETCATALOG_COMPILER_APPICON_NAME = AppIcon;
				ASSETCATALOG_COMPILER_GLOBAL_ACCENT_COLOR_NAME = AccentColor;
				CODE_SIGN_STYLE = Automatic;
				CURRENT_PROJECT_VERSION = 1;
				DEVELOPMENT_TEAM = KKWLB24HVX;
				GENERATE_INFOPLIST_FILE = YES;
				INFOPLIST_FILE = uikit_sample/Info.plist;
				INFOPLIST_KEY_UIApplicationSupportsIndirectInputEvents = YES;
				INFOPLIST_KEY_UILaunchStoryboardName = LaunchScreen;
				INFOPLIST_KEY_UISupportedInterfaceOrientations_iPad = "UIInterfaceOrientationPortrait UIInterfaceOrientationPortraitUpsideDown UIInterfaceOrientationLandscapeLeft UIInterfaceOrientationLandscapeRight";
				INFOPLIST_KEY_UISupportedInterfaceOrientations_iPhone = "UIInterfaceOrientationPortrait UIInterfaceOrientationLandscapeLeft UIInterfaceOrientationLandscapeRight";
				IPHONEOS_DEPLOYMENT_TARGET = 12.0;
				LD_RUNPATH_SEARCH_PATHS = (
					"$(inherited)",
					"@executable_path/Frameworks",
				);
				MARKETING_VERSION = 1.0;
				PRODUCT_BUNDLE_IDENTIFIER = "com.takayuki.uikit-sample";
				PRODUCT_NAME = "$(TARGET_NAME)";
				SWIFT_EMIT_LOC_STRINGS = YES;
				SWIFT_VERSION = 5.0;
				TARGETED_DEVICE_FAMILY = "1,2";
			};
			name = Debug;
		};
		D38659882DAB7FB0007F32BA /* Release */ = {
			isa = XCBuildConfiguration;
			buildSettings = {
				ASSETCATALOG_COMPILER_APPICON_NAME = AppIcon;
				ASSETCATALOG_COMPILER_GLOBAL_ACCENT_COLOR_NAME = AccentColor;
				CODE_SIGN_STYLE = Automatic;
				CURRENT_PROJECT_VERSION = 1;
				DEVELOPMENT_TEAM = "";
				GENERATE_INFOPLIST_FILE = YES;
				INFOPLIST_FILE = uikit_sample/Info.plist;
				INFOPLIST_KEY_UIApplicationSupportsIndirectInputEvents = YES;
				INFOPLIST_KEY_UILaunchStoryboardName = LaunchScreen;
				INFOPLIST_KEY_UISupportedInterfaceOrientations_iPad = "UIInterfaceOrientationPortrait UIInterfaceOrientationPortraitUpsideDown UIInterfaceOrientationLandscapeLeft UIInterfaceOrientationLandscapeRight";
				INFOPLIST_KEY_UISupportedInterfaceOrientations_iPhone = "UIInterfaceOrientationPortrait UIInterfaceOrientationLandscapeLeft UIInterfaceOrientationLandscapeRight";
				IPHONEOS_DEPLOYMENT_TARGET = 12.0;
				LD_RUNPATH_SEARCH_PATHS = (
					"$(inherited)",
					"@executable_path/Frameworks",
				);
				MARKETING_VERSION = 1.0;
				PRODUCT_BUNDLE_IDENTIFIER = "com.takayuki.uikit-sample";
				PRODUCT_NAME = "$(TARGET_NAME)";
				SWIFT_EMIT_LOC_STRINGS = YES;
				SWIFT_VERSION = 5.0;
				TARGETED_DEVICE_FAMILY = "1,2";
			};
			name = Release;
		};
		D386598A2DAB7FB0007F32BA /* Debug */ = {
			isa = XCBuildConfiguration;
			buildSettings = {
				ALWAYS_EMBED_SWIFT_STANDARD_LIBRARIES = YES;
				BUNDLE_LOADER = "$(TEST_HOST)";
				CODE_SIGN_STYLE = Automatic;
				CURRENT_PROJECT_VERSION = 1;
				GENERATE_INFOPLIST_FILE = YES;
				IPHONEOS_DEPLOYMENT_TARGET = 15.5;
				MARKETING_VERSION = 1.0;
				PRODUCT_BUNDLE_IDENTIFIER = "com.takayuki.uikit-sampleTests";
				PRODUCT_NAME = "$(TARGET_NAME)";
				SWIFT_EMIT_LOC_STRINGS = NO;
				SWIFT_VERSION = 5.0;
				TARGETED_DEVICE_FAMILY = "1,2";
				TEST_HOST = "$(BUILT_PRODUCTS_DIR)/uikit_sample.app/uikit_sample";
			};
			name = Debug;
		};
		D386598B2DAB7FB0007F32BA /* Release */ = {
			isa = XCBuildConfiguration;
			buildSettings = {
				ALWAYS_EMBED_SWIFT_STANDARD_LIBRARIES = YES;
				BUNDLE_LOADER = "$(TEST_HOST)";
				CODE_SIGN_STYLE = Automatic;
				CURRENT_PROJECT_VERSION = 1;
				GENERATE_INFOPLIST_FILE = YES;
				IPHONEOS_DEPLOYMENT_TARGET = 15.5;
				MARKETING_VERSION = 1.0;
				PRODUCT_BUNDLE_IDENTIFIER = "com.takayuki.uikit-sampleTests";
				PRODUCT_NAME = "$(TARGET_NAME)";
				SWIFT_EMIT_LOC_STRINGS = NO;
				SWIFT_VERSION = 5.0;
				TARGETED_DEVICE_FAMILY = "1,2";
				TEST_HOST = "$(BUILT_PRODUCTS_DIR)/uikit_sample.app/uikit_sample";
			};
			name = Release;
		};
		D386598D2DAB7FB0007F32BA /* Debug */ = {
			isa = XCBuildConfiguration;
			buildSettings = {
				ALWAYS_EMBED_SWIFT_STANDARD_LIBRARIES = YES;
				CODE_SIGN_STYLE = Automatic;
				CURRENT_PROJECT_VERSION = 1;
				GENERATE_INFOPLIST_FILE = YES;
				MARKETING_VERSION = 1.0;
				PRODUCT_BUNDLE_IDENTIFIER = "com.takayuki.uikit-sampleUITests";
				PRODUCT_NAME = "$(TARGET_NAME)";
				SWIFT_EMIT_LOC_STRINGS = NO;
				SWIFT_VERSION = 5.0;
				TARGETED_DEVICE_FAMILY = "1,2";
				TEST_TARGET_NAME = uikit_sample;
			};
			name = Debug;
		};
		D386598E2DAB7FB0007F32BA /* Release */ = {
			isa = XCBuildConfiguration;
			buildSettings = {
				ALWAYS_EMBED_SWIFT_STANDARD_LIBRARIES = YES;
				CODE_SIGN_STYLE = Automatic;
				CURRENT_PROJECT_VERSION = 1;
				GENERATE_INFOPLIST_FILE = YES;
				MARKETING_VERSION = 1.0;
				PRODUCT_BUNDLE_IDENTIFIER = "com.takayuki.uikit-sampleUITests";
				PRODUCT_NAME = "$(TARGET_NAME)";
				SWIFT_EMIT_LOC_STRINGS = NO;
				SWIFT_VERSION = 5.0;
				TARGETED_DEVICE_FAMILY = "1,2";
				TEST_TARGET_NAME = uikit_sample;
			};
			name = Release;
		};
/* End XCBuildConfiguration section */

/* Begin XCConfigurationList section */
		D38659542DAB7FAE007F32BA /* Build configuration list for PBXProject "uikit_sample" */ = {
			isa = XCConfigurationList;
			buildConfigurations = (
				D38659842DAB7FB0007F32BA /* Debug */,
				D38659852DAB7FB0007F32BA /* Release */,
			);
			defaultConfigurationIsVisible = 0;
			defaultConfigurationName = Release;
		};
		D38659862DAB7FB0007F32BA /* Build configuration list for PBXNativeTarget "uikit_sample" */ = {
			isa = XCConfigurationList;
			buildConfigurations = (
				D38659872DAB7FB0007F32BA /* Debug */,
				D38659882DAB7FB0007F32BA /* Release */,
			);
			defaultConfigurationIsVisible = 0;
			defaultConfigurationName = Release;
		};
		D38659892DAB7FB0007F32BA /* Build configuration list for PBXNativeTarget "uikit_sampleTests" */ = {
			isa = XCConfigurationList;
			buildConfigurations = (
				D386598A2DAB7FB0007F32BA /* Debug */,
				D386598B2DAB7FB0007F32BA /* Release */,
			);
			defaultConfigurationIsVisible = 0;
			defaultConfigurationName = Release;
		};
		D386598C2DAB7FB0007F32BA /* Build configuration list for PBXNativeTarget "uikit_sampleUITests" */ = {
			isa = XCConfigurationList;
			buildConfigurations = (
				D386598D2DAB7FB0007F32BA /* Debug */,
				D386598E2DAB7FB0007F32BA /* Release */,
			);
			defaultConfigurationIsVisible = 0;
			defaultConfigurationName = Release;
		};
/* End XCConfigurationList section */

/* Begin XCVersionGroup section */
		D38659652DAB7FAE007F32BA /* uikit_sample.xcdatamodeld */ = {
			isa = XCVersionGroup;
			children = (
				D38659662DAB7FAE007F32BA /* uikit_sample.xcdatamodel */,
			);
			currentVersion = D38659662DAB7FAE007F32BA /* uikit_sample.xcdatamodel */;
			path = uikit_sample.xcdatamodeld;
			sourceTree = "<group>";
			versionGroupType = wrapper.xcdatamodel;
		};
/* End XCVersionGroup section */
	};
	rootObject = D38659512DAB7FAE007F32BA /* Project object */;
}
